
Microsoft Visual Studio Solution File, Format Version 12.00
# Visual Studio 15
VisualStudioVersion = 15.0.26430.14
MinimumVisualStudioVersion = 10.0.40219.1
Project("{FAE04EC0-301F-11D3-BF4B-00C04F79EFBC}") = "TweeterReader.UI", "TweeterReader.UI\TweeterReader.UI.csproj", "{EFDF44E8-FB5B-40C4-B54A-B033A64F2EB3}"
	ProjectSection(ProjectDependencies) = postProject
		{64F23081-C442-47D4-B76A-2CB4AA8E70D8} = {64F23081-C442-47D4-B76A-2CB4AA8E70D8}
		{A605CF94-BC01-45F9-B7D0-8DE2AC0B377E} = {A605CF94-BC01-45F9-B7D0-8DE2AC0B377E}
	EndProjectSection
EndProject
Project("{FAE04EC0-301F-11D3-BF4B-00C04F79EFBC}") = "TweeterReader.Data", "TweeterReader.Data\TweeterReader.Data.csproj", "{64F23081-C442-47D4-B76A-2CB4AA8E70D8}"
EndProject
Project("{FAE04EC0-301F-11D3-BF4B-00C04F79EFBC}") = "TweeterReader.ADL", "TweeterReader.ADL\TweeterReader.ADL.csproj", "{A605CF94-BC01-45F9-B7D0-8DE2AC0B377E}"
EndProject
Global
	GlobalSection(SolutionConfigurationPlatforms) = preSolution
		Debug|Any CPU = Debug|Any CPU
		Release|Any CPU = Release|Any CPU
	EndGlobalSection
	GlobalSection(ProjectConfigurationPlatforms) = postSolution
		{EFDF44E8-FB5B-40C4-B54A-B033A64F2EB3}.Debug|Any CPU.ActiveCfg = Debug|Any CPU
		{EFDF44E8-FB5B-40C4-B54A-B033A64F2EB3}.Debug|Any CPU.Build.0 = Debug|Any CPU
		{EFDF44E8-FB5B-40C4-B54A-B033A64F2EB3}.Release|Any CPU.ActiveCfg = Release|Any CPU
		{EFDF44E8-FB5B-40C4-B54A-B033A64F2EB3}.Release|Any CPU.Build.0 = Release|Any CPU
		{64F23081-C442-47D4-B76A-2CB4AA8E70D8}.Debug|Any CPU.ActiveCfg = Debug|Any CPU
		{64F23081-C442-47D4-B76A-2CB4AA8E70D8}.Debug|Any CPU.Build.0 = Debug|Any CPU
		{64F23081-C442-47D4-B76A-2CB4AA8E70D8}.Release|Any CPU.ActiveCfg = Release|Any CPU
		{64F23081-C442-47D4-B76A-2CB4AA8E70D8}.Release|Any CPU.Build.0 = Release|Any CPU
		{A605CF94-BC01-45F9-B7D0-8DE2AC0B377E}.Debug|Any CPU.ActiveCfg = Debug|Any CPU
		{A605CF94-BC01-45F9-B7D0-8DE2AC0B377E}.Debug|Any CPU.Build.0 = Debug|Any CPU
		{A605CF94-BC01-45F9-B7D0-8DE2AC0B377E}.Release|Any CPU.ActiveCfg = Release|Any CPU
		{A605CF94-BC01-45F9-B7D0-8DE2AC0B377E}.Release|Any CPU.Build.0 = Release|Any CPU
	EndGlobalSection
	GlobalSection(SolutionProperties) = preSolution
		HideSolutionNode = FALSE
	EndGlobalSection
EndGlobal
